// !$*UTF8*$!
{
	archiveVersion = 1;
	classes = {
	};
	objectVersion = 46;
	objects = {

/* Begin PBXBuildFile section */
		6BEE0A61198715AE00D73B41 /* BKServiceController.h in CopyFiles */ = {isa = PBXBuildFile; fileRef = 6BEE0A60198715AE00D73B41 /* BKServiceController.h */; };
		6BEE0A63198715AE00D73B41 /* BKServiceController.m in Sources */ = {isa = PBXBuildFile; fileRef = 6BEE0A62198715AE00D73B41 /* BKServiceController.m */; };
		6BEE0A7E198715FD00D73B41 /* _BKServiceTreeNode.m in Sources */ = {isa = PBXBuildFile; fileRef = 6BEE0A78198715FD00D73B41 /* _BKServiceTreeNode.m */; };
		6BEE0A7F198715FD00D73B41 /* BKServiceRegistrar.m in Sources */ = {isa = PBXBuildFile; fileRef = 6BEE0A7C198715FD00D73B41 /* BKServiceRegistrar.m */; };
		6BEE0A80198716AB00D73B41 /* BKService.h in CopyFiles */ = {isa = PBXBuildFile; fileRef = 6BEE0A7D198715FD00D73B41 /* BKService.h */; };
		6BEE0A81198716AB00D73B41 /* BKServiceRegistrar.h in CopyFiles */ = {isa = PBXBuildFile; fileRef = 6BEE0A7B198715FD00D73B41 /* BKServiceRegistrar.h */; };
/* End PBXBuildFile section */

/* Begin PBXCopyFilesBuildPhase section */
		6BEE0A5B198715AE00D73B41 /* CopyFiles */ = {
			isa = PBXCopyFilesBuildPhase;
			buildActionMask = 2147483647;
			dstPath = "include/$(PRODUCT_NAME)";
			dstSubfolderSpec = 16;
			files = (
				6BEE0A80198716AB00D73B41 /* BKService.h in CopyFiles */,
				6BEE0A61198715AE00D73B41 /* BKServiceController.h in CopyFiles */,
				6BEE0A81198716AB00D73B41 /* BKServiceRegistrar.h in CopyFiles */,
			);
			runOnlyForDeploymentPostprocessing = 0;
		};
/* End PBXCopyFilesBuildPhase section */

/* Begin PBXFileReference section */
		6BEE0A5D198715AE00D73B41 /* libBKServiceController.a */ = {isa = PBXFileReference; explicitFileType = archive.ar; includeInIndex = 0; path = libBKServiceController.a; sourceTree = BUILT_PRODUCTS_DIR; };
		6BEE0A60198715AE00D73B41 /* BKServiceController.h */ = {isa = PBXFileReference; lastKnownFileType = sourcecode.c.h; path = BKServiceController.h; sourceTree = "<group>"; };
		6BEE0A62198715AE00D73B41 /* BKServiceController.m */ = {isa = PBXFileReference; lastKnownFileType = sourcecode.c.objc; path = BKServiceController.m; sourceTree = "<group>"; };
		6BEE0A77198715FD00D73B41 /* _BKServiceTreeNode.h */ = {isa = PBXFileReference; fileEncoding = 4; lastKnownFileType = sourcecode.c.h; path = _BKServiceTreeNode.h; sourceTree = "<group>"; };
		6BEE0A78198715FD00D73B41 /* _BKServiceTreeNode.m */ = {isa = PBXFileReference; fileEncoding = 4; lastKnownFileType = sourcecode.c.objc; path = _BKServiceTreeNode.m; sourceTree = "<group>"; };
		6BEE0A79198715FD00D73B41 /* BKServiceController_Internal.h */ = {isa = PBXFileReference; fileEncoding = 4; lastKnownFileType = sourcecode.c.h; path = BKServiceController_Internal.h; sourceTree = "<group>"; };
		6BEE0A7A198715FD00D73B41 /* BKServiceRegistrar_Internal.h */ = {isa = PBXFileReference; fileEncoding = 4; lastKnownFileType = sourcecode.c.h; path = BKServiceRegistrar_Internal.h; sourceTree = "<group>"; };
		6BEE0A7B198715FD00D73B41 /* BKServiceRegistrar.h */ = {isa = PBXFileReference; fileEncoding = 4; lastKnownFileType = sourcecode.c.h; path = BKServiceRegistrar.h; sourceTree = "<group>"; };
		6BEE0A7C198715FD00D73B41 /* BKServiceRegistrar.m */ = {isa = PBXFileReference; fileEncoding = 4; lastKnownFileType = sourcecode.c.objc; path = BKServiceRegistrar.m; sourceTree = "<group>"; };
		6BEE0A7D198715FD00D73B41 /* BKService.h */ = {isa = PBXFileReference; fileEncoding = 4; lastKnownFileType = sourcecode.c.h; path = BKService.h; sourceTree = "<group>"; };
/* End PBXFileReference section */

/* Begin PBXFrameworksBuildPhase section */
		6BEE0A5A198715AE00D73B41 /* Frameworks */ = {
			isa = PBXFrameworksBuildPhase;
			buildActionMask = 2147483647;
			files = (
			);
			runOnlyForDeploymentPostprocessing = 0;
		};
/* End PBXFrameworksBuildPhase section */

/* Begin PBXGroup section */
		6BEE0A54198715AE00D73B41 = {
			isa = PBXGroup;
			children = (
				6BEE0A5F198715AE00D73B41 /* BKServiceController */,
				6BEE0A5E198715AE00D73B41 /* Products */,
			);
			sourceTree = "<group>";
		};
		6BEE0A5E198715AE00D73B41 /* Products */ = {
			isa = PBXGroup;
			children = (
				6BEE0A5D198715AE00D73B41 /* libBKServiceController.a */,
			);
			name = Products;
			sourceTree = "<group>";
		};
		6BEE0A5F198715AE00D73B41 /* BKServiceController */ = {
			isa = PBXGroup;
			children = (
				6BEE0A77198715FD00D73B41 /* _BKServiceTreeNode.h */,
				6BEE0A78198715FD00D73B41 /* _BKServiceTreeNode.m */,
				6BEE0A7D198715FD00D73B41 /* BKService.h */,
				6BEE0A60198715AE00D73B41 /* BKServiceController.h */,
				6BEE0A62198715AE00D73B41 /* BKServiceController.m */,
				6BEE0A79198715FD00D73B41 /* BKServiceController_Internal.h */,
				6BEE0A7B198715FD00D73B41 /* BKServiceRegistrar.h */,
				6BEE0A7C198715FD00D73B41 /* BKServiceRegistrar.m */,
				6BEE0A7A198715FD00D73B41 /* BKServiceRegistrar_Internal.h */,
			);
			path = BKServiceController;
			sourceTree = "<group>";
		};
/* End PBXGroup section */

/* Begin PBXNativeTarget section */
		6BEE0A5C198715AE00D73B41 /* BKServiceController */ = {
			isa = PBXNativeTarget;
			buildConfigurationList = 6BEE0A71198715AE00D73B41 /* Build configuration list for PBXNativeTarget "BKServiceController" */;
			buildPhases = (
				6BEE0A59198715AE00D73B41 /* Sources */,
				6BEE0A5A198715AE00D73B41 /* Frameworks */,
				6BEE0A5B198715AE00D73B41 /* CopyFiles */,
			);
			buildRules = (
			);
			dependencies = (
			);
			name = BKServiceController;
			productName = BKServiceController;
			productReference = 6BEE0A5D198715AE00D73B41 /* libBKServiceController.a */;
			productType = "com.apple.product-type.library.static";
		};
/* End PBXNativeTarget section */

/* Begin PBXProject section */
		6BEE0A55198715AE00D73B41 /* Project object */ = {
			isa = PBXProject;
			attributes = {
				LastUpgradeCheck = 0600;
				ORGANIZATIONNAME = "650 Industries, Inc.";
				TargetAttributes = {
					6BEE0A5C198715AE00D73B41 = {
						CreatedOnToolsVersion = 6.0;
					};
				};
			};
			buildConfigurationList = 6BEE0A58198715AE00D73B41 /* Build configuration list for PBXProject "BKServiceController" */;
			compatibilityVersion = "Xcode 3.2";
			developmentRegion = English;
			hasScannedForEncodings = 0;
			knownRegions = (
				en,
			);
			mainGroup = 6BEE0A54198715AE00D73B41;
			productRefGroup = 6BEE0A5E198715AE00D73B41 /* Products */;
			projectDirPath = "";
			projectRoot = "";
			targets = (
				6BEE0A5C198715AE00D73B41 /* BKServiceController */,
			);
		};
/* End PBXProject section */

/* Begin PBXSourcesBuildPhase section */
		6BEE0A59198715AE00D73B41 /* Sources */ = {
			isa = PBXSourcesBuildPhase;
			buildActionMask = 2147483647;
			files = (
				6BEE0A7E198715FD00D73B41 /* _BKServiceTreeNode.m in Sources */,
				6BEE0A63198715AE00D73B41 /* BKServiceController.m in Sources */,
				6BEE0A7F198715FD00D73B41 /* BKServiceRegistrar.m in Sources */,
			);
			runOnlyForDeploymentPostprocessing = 0;
		};
/* End PBXSourcesBuildPhase section */

/* Begin XCBuildConfiguration section */
		6BEE0A6F198715AE00D73B41 /* Debug */ = {
			isa = XCBuildConfiguration;
			buildSettings = {
				ALWAYS_SEARCH_USER_PATHS = NO;
				CLANG_CXX_LANGUAGE_STANDARD = "gnu++0x";
				CLANG_CXX_LIBRARY = "libc++";
				CLANG_ENABLE_MODULES = YES;
				CLANG_ENABLE_OBJC_ARC = YES;
				CLANG_WARN_BOOL_CONVERSION = YES;
				CLANG_WARN_CONSTANT_CONVERSION = YES;
				CLANG_WARN_DIRECT_OBJC_ISA_USAGE = YES_ERROR;
				CLANG_WARN_EMPTY_BODY = YES;
				CLANG_WARN_ENUM_CONVERSION = YES;
				CLANG_WARN_INT_CONVERSION = YES;
				CLANG_WARN_OBJC_ROOT_CLASS = YES_ERROR;
				CLANG_WARN_UNREACHABLE_CODE = YES;
				CLANG_WARN__DUPLICATE_METHOD_MATCH = YES;
				COPY_PHASE_STRIP = NO;
				ENABLE_STRICT_OBJC_MSGSEND = YES;
				GCC_C_LANGUAGE_STANDARD = gnu99;
				GCC_DYNAMIC_NO_PIC = NO;
				GCC_OPTIMIZATION_LEVEL = 0;
				GCC_PREPROCESSOR_DEFINITIONS = (
					"DEBUG=1",
					"$(inherited)",
				);
				GCC_SYMBOLS_PRIVATE_EXTERN = NO;
				GCC_WARN_64_TO_32_BIT_CONVERSION = YES;
				GCC_WARN_ABOUT_RETURN_TYPE = YES_ERROR;
				GCC_WARN_UNDECLARED_SELECTOR = YES;
				GCC_WARN_UNINITIALIZED_AUTOS = YES_AGGRESSIVE;
				GCC_WARN_UNUSED_FUNCTION = YES;
				GCC_WARN_UNUSED_VARIABLE = YES;
				IPHONEOS_DEPLOYMENT_TARGET = 7.0;
				MTL_ENABLE_DEBUG_INFO = YES;
				ONLY_ACTIVE_ARCH = YES;
				SDKROOT = iphoneos;
			};
			name = Debug;
		};
		6BEE0A70198715AE00D73B41 /* Release */ = {
			isa = XCBuildConfiguration;
			buildSettings = {
				ALWAYS_SEARCH_USER_PATHS = NO;
				CLANG_CXX_LANGUAGE_STANDARD = "gnu++0x";
				CLANG_CXX_LIBRARY = "libc++";
				CLANG_ENABLE_MODULES = YES;
				CLANG_ENABLE_OBJC_ARC = YES;
				CLANG_WARN_BOOL_CONVERSION = YES;
				CLANG_WARN_CONSTANT_CONVERSION = YES;
				CLANG_WARN_DIRECT_OBJC_ISA_USAGE = YES_ERROR;
				CLANG_WARN_EMPTY_BODY = YES;
				CLANG_WARN_ENUM_CONVERSION = YES;
				CLANG_WARN_INT_CONVERSION = YES;
				CLANG_WARN_OBJC_ROOT_CLASS = YES_ERROR;
				CLANG_WARN_UNREACHABLE_CODE = YES;
				CLANG_WARN__DUPLICATE_METHOD_MATCH = YES;
				COPY_PHASE_STRIP = YES;
				ENABLE_NS_ASSERTIONS = NO;
				ENABLE_STRICT_OBJC_MSGSEND = YES;
				GCC_C_LANGUAGE_STANDARD = gnu99;
				GCC_WARN_64_TO_32_BIT_CONVERSION = YES;
				GCC_WARN_ABOUT_RETURN_TYPE = YES_ERROR;
				GCC_WARN_UNDECLARED_SELECTOR = YES;
				GCC_WARN_UNINITIALIZED_AUTOS = YES_AGGRESSIVE;
				GCC_WARN_UNUSED_FUNCTION = YES;
				GCC_WARN_UNUSED_VARIABLE = YES;
				IPHONEOS_DEPLOYMENT_TARGET = 7.0;
				MTL_ENABLE_DEBUG_INFO = NO;
				SDKROOT = iphoneos;
				VALIDATE_PRODUCT = YES;
			};
			name = Release;
		};
		6BEE0A72198715AE00D73B41 /* Debug */ = {
			isa = XCBuildConfiguration;
			buildSettings = {
				OTHER_LDFLAGS = "-ObjC";
				PRODUCT_NAME = "$(TARGET_NAME)";
				SKIP_INSTALL = YES;
			};
			name = Debug;
		};
		6BEE0A73198715AE00D73B41 /* Release */ = {
			isa = XCBuildConfiguration;
			buildSettings = {
				OTHER_LDFLAGS = "-ObjC";
				PRODUCT_NAME = "$(TARGET_NAME)";
				SKIP_INSTALL = YES;
			};
			name = Release;
		};
/* End XCBuildConfiguration section */

/* Begin XCConfigurationList section */
		6BEE0A58198715AE00D73B41 /* Build configuration list for PBXProject "BKServiceController" */ = {
			isa = XCConfigurationList;
			buildConfigurations = (
				6BEE0A6F198715AE00D73B41 /* Debug */,
				6BEE0A70198715AE00D73B41 /* Release */,
			);
			defaultConfigurationIsVisible = 0;
			defaultConfigurationName = Release;
		};
		6BEE0A71198715AE00D73B41 /* Build configuration list for PBXNativeTarget "BKServiceController" */ = {
			isa = XCConfigurationList;
			buildConfigurations = (
				6BEE0A72198715AE00D73B41 /* Debug */,
				6BEE0A73198715AE00D73B41 /* Release */,
			);
			defaultConfigurationIsVisible = 0;
			defaultConfigurationName = Release;
		};
/* End XCConfigurationList section */
	};
	rootObject = 6BEE0A55198715AE00D73B41 /* Project object */;
}
